
Microsoft Visual Studio Solution File, Format Version 12.00
# Visual Studio 15
VisualStudioVersion = 15.0.26124.0
MinimumVisualStudioVersion = 15.0.26124.0
Project("{2150E333-8FDC-42A3-9474-1A3956D46DE8}") = "Source", "Source", "{CEF0B003-0397-456F-B6C9-1726C390A748}"
EndProject
Project("{FAE04EC0-301F-11D3-BF4B-00C04F79EFBC}") = "MyLibrary.Facts", "Source\MyLibrary.Facts\MyLibrary.Facts.csproj", "{57CEC777-BE62-4969-BEFB-75BC51D0CD25}"
EndProject
Project("{FAE04EC0-301F-11D3-BF4B-00C04F79EFBC}") = "MyLibrary", "Source\MyLibrary\MyLibrary.csproj", "{9B7379CE-398D-4BB0-A80F-EAF4558156CE}"
EndProject
Global
	GlobalSection(SolutionConfigurationPlatforms) = preSolution
		Debug|Any CPU = Debug|Any CPU
		Debug|x64 = Debug|x64
		Debug|x86 = Debug|x86
		Release|Any CPU = Release|Any CPU
		Release|x64 = Release|x64
		Release|x86 = Release|x86
	EndGlobalSection
	GlobalSection(SolutionProperties) = preSolution
		HideSolutionNode = FALSE
	EndGlobalSection
	GlobalSection(ProjectConfigurationPlatforms) = postSolution
		{57CEC777-BE62-4969-BEFB-75BC51D0CD25}.Debug|Any CPU.ActiveCfg = Debug|Any CPU
		{57CEC777-BE62-4969-BEFB-75BC51D0CD25}.Debug|Any CPU.Build.0 = Debug|Any CPU
		{57CEC777-BE62-4969-BEFB-75BC51D0CD25}.Debug|x64.ActiveCfg = Debug|x64
		{57CEC777-BE62-4969-BEFB-75BC51D0CD25}.Debug|x64.Build.0 = Debug|x64
		{57CEC777-BE62-4969-BEFB-75BC51D0CD25}.Debug|x86.ActiveCfg = Debug|x86
		{57CEC777-BE62-4969-BEFB-75BC51D0CD25}.Debug|x86.Build.0 = Debug|x86
		{57CEC777-BE62-4969-BEFB-75BC51D0CD25}.Release|Any CPU.ActiveCfg = Release|Any CPU
		{57CEC777-BE62-4969-BEFB-75BC51D0CD25}.Release|Any CPU.Build.0 = Release|Any CPU
		{57CEC777-BE62-4969-BEFB-75BC51D0CD25}.Release|x64.ActiveCfg = Release|x64
		{57CEC777-BE62-4969-BEFB-75BC51D0CD25}.Release|x64.Build.0 = Release|x64
		{57CEC777-BE62-4969-BEFB-75BC51D0CD25}.Release|x86.ActiveCfg = Release|x86
		{57CEC777-BE62-4969-BEFB-75BC51D0CD25}.Release|x86.Build.0 = Release|x86
		{9B7379CE-398D-4BB0-A80F-EAF4558156CE}.Debug|Any CPU.ActiveCfg = Debug|Any CPU
		{9B7379CE-398D-4BB0-A80F-EAF4558156CE}.Debug|Any CPU.Build.0 = Debug|Any CPU
		{9B7379CE-398D-4BB0-A80F-EAF4558156CE}.Debug|x64.ActiveCfg = Debug|x64
		{9B7379CE-398D-4BB0-A80F-EAF4558156CE}.Debug|x64.Build.0 = Debug|x64
		{9B7379CE-398D-4BB0-A80F-EAF4558156CE}.Debug|x86.ActiveCfg = Debug|x86
		{9B7379CE-398D-4BB0-A80F-EAF4558156CE}.Debug|x86.Build.0 = Debug|x86
		{9B7379CE-398D-4BB0-A80F-EAF4558156CE}.Release|Any CPU.ActiveCfg = Release|Any CPU
		{9B7379CE-398D-4BB0-A80F-EAF4558156CE}.Release|Any CPU.Build.0 = Release|Any CPU
		{9B7379CE-398D-4BB0-A80F-EAF4558156CE}.Release|x64.ActiveCfg = Release|x64
		{9B7379CE-398D-4BB0-A80F-EAF4558156CE}.Release|x64.Build.0 = Release|x64
		{9B7379CE-398D-4BB0-A80F-EAF4558156CE}.Release|x86.ActiveCfg = Release|x86
		{9B7379CE-398D-4BB0-A80F-EAF4558156CE}.Release|x86.Build.0 = Release|x86
	EndGlobalSection
	GlobalSection(NestedProjects) = preSolution
		{57CEC777-BE62-4969-BEFB-75BC51D0CD25} = {CEF0B003-0397-456F-B6C9-1726C390A748}
		{9B7379CE-398D-4BB0-A80F-EAF4558156CE} = {CEF0B003-0397-456F-B6C9-1726C390A748}
	EndGlobalSection
EndGlobal
